<Solution>
  <Folder Name="/framework/">
    <Project Path="../GCModeller/src/runtime/sciBASIC#/Data/BinaryData/BinaryData/binarydata-netcore5.vbproj" />
    <Project Path="../GCModeller/src/runtime/sciBASIC#/Microsoft.VisualBasic.Core/src/Core.vbproj" />
  </Folder>
  <Project Path="UnityViewer/UnityViewer.vbproj" />
</Solution>
