
Microsoft Visual Studio Solution File, Format Version 12.00
# Visual Studio Version 17
VisualStudioVersion = 17.11.35312.102
MinimumVisualStudioVersion = 10.0.40219.1
Project("{F184B08F-C81C-45F6-A57F-5ABD9991F28F}") = "Finance", "Finance.vbproj", "{3394B8A5-EC3B-468C-AEAC-1EEE9A380512}"
EndProject
Global
	GlobalSection(SolutionConfigurationPlatforms) = preSolution
		Debug|Any CPU = Debug|Any CPU
		Release|Any CPU = Release|Any CPU
	EndGlobalSection
	GlobalSection(ProjectConfigurationPlatforms) = postSolution
		{3394B8A5-EC3B-468C-AEAC-1EEE9A380512}.Debug|Any CPU.ActiveCfg = Debug|Any CPU
		{3394B8A5-EC3B-468C-AEAC-1EEE9A380512}.Debug|Any CPU.Build.0 = Debug|Any CPU
		{3394B8A5-EC3B-468C-AEAC-1EEE9A380512}.Release|Any CPU.ActiveCfg = Release|Any CPU
		{3394B8A5-EC3B-468C-AEAC-1EEE9A380512}.Release|Any CPU.Build.0 = Release|Any CPU
	EndGlobalSection
	GlobalSection(SolutionProperties) = preSolution
		HideSolutionNode = FALSE
	EndGlobalSection
	GlobalSection(ExtensibilityGlobals) = postSolution
		SolutionGuid = {5CCD2BCE-A5CF-472D-B7B1-DB10506917F2}
	EndGlobalSection
EndGlobal
