
Microsoft Visual Studio Solution File, Format Version 12.00
# Visual Studio Version 17
VisualStudioVersion = 17.11.35312.102
MinimumVisualStudioVersion = 10.0.40219.1
Project("{F184B08F-C81C-45F6-A57F-5ABD9991F28F}") = "Finance", "Finance.vbproj", "{3394B8A5-EC3B-468C-AEAC-1EEE9A380512}"
EndProject
Project("{2150E333-8FDC-42A3-9474-1A3956D46DE8}") = "framework", "framework", "{0EF894D7-3154-4075-8434-D4A38BA9B00F}"
EndProject
Project("{2150E333-8FDC-42A3-9474-1A3956D46DE8}") = "renv", "renv", "{BD2DDAE0-1040-4649-9CF8-1B9644DCFF23}"
EndProject
Project("{778DAE3C-4631-46EA-AA77-85C1314464D9}") = "Core", "..\..\..\GCModeller\src\runtime\sciBASIC#\Microsoft.VisualBasic.Core\src\Core.vbproj", "{F93BE3B7-F04B-4A73-8EEC-D74267C27EA1}"
EndProject
Project("{778DAE3C-4631-46EA-AA77-85C1314464D9}") = "Rsharp-netcore5", "..\..\..\GCModeller\src\R-sharp\R#\Rsharp-netcore5.vbproj", "{E7CC4487-73DA-4470-9287-B1947C6404E8}"
EndProject
Global
	GlobalSection(SolutionConfigurationPlatforms) = preSolution
		CFD_win32|Any CPU = CFD_win32|Any CPU
		CFD_win32|x64 = CFD_win32|x64
		CFD_win32|x86 = CFD_win32|x86
		Debug|Any CPU = Debug|Any CPU
		Debug|x64 = Debug|x64
		Debug|x86 = Debug|x86
		Desktop|Any CPU = Desktop|Any CPU
		Desktop|x64 = Desktop|x64
		Desktop|x86 = Desktop|x86
		Docker|Any CPU = Docker|Any CPU
		Docker|x64 = Docker|x64
		Docker|x86 = Docker|x86
		gcmodeller_desktop|Any CPU = gcmodeller_desktop|Any CPU
		gcmodeller_desktop|x64 = gcmodeller_desktop|x64
		gcmodeller_desktop|x86 = gcmodeller_desktop|x86
		LipidSearch|Any CPU = LipidSearch|Any CPU
		LipidSearch|x64 = LipidSearch|x64
		LipidSearch|x86 = LipidSearch|x86
		mzkit_win32|Any CPU = mzkit_win32|Any CPU
		mzkit_win32|x64 = mzkit_win32|x64
		mzkit_win32|x86 = mzkit_win32|x86
		mzkit|Any CPU = mzkit|Any CPU
		mzkit|x64 = mzkit|x64
		mzkit|x86 = mzkit|x86
		NPSearch|Any CPU = NPSearch|Any CPU
		NPSearch|x64 = NPSearch|x64
		NPSearch|x86 = NPSearch|x86
		nuget_release|Any CPU = nuget_release|Any CPU
		nuget_release|x64 = nuget_release|x64
		nuget_release|x86 = nuget_release|x86
		PlantMAT|Any CPU = PlantMAT|Any CPU
		PlantMAT|x64 = PlantMAT|x64
		PlantMAT|x86 = PlantMAT|x86
		Release|Any CPU = Release|Any CPU
		Release|x64 = Release|x64
		Release|x86 = Release|x86
		Rsharp_app_release|Any CPU = Rsharp_app_release|Any CPU
		Rsharp_app_release|x64 = Rsharp_app_release|x64
		Rsharp_app_release|x86 = Rsharp_app_release|x86
	EndGlobalSection
	GlobalSection(ProjectConfigurationPlatforms) = postSolution
		{3394B8A5-EC3B-468C-AEAC-1EEE9A380512}.CFD_win32|Any CPU.ActiveCfg = Debug|Any CPU
		{3394B8A5-EC3B-468C-AEAC-1EEE9A380512}.CFD_win32|Any CPU.Build.0 = Debug|Any CPU
		{3394B8A5-EC3B-468C-AEAC-1EEE9A380512}.CFD_win32|x64.ActiveCfg = Debug|Any CPU
		{3394B8A5-EC3B-468C-AEAC-1EEE9A380512}.CFD_win32|x64.Build.0 = Debug|Any CPU
		{3394B8A5-EC3B-468C-AEAC-1EEE9A380512}.CFD_win32|x86.ActiveCfg = Debug|Any CPU
		{3394B8A5-EC3B-468C-AEAC-1EEE9A380512}.CFD_win32|x86.Build.0 = Debug|Any CPU
		{3394B8A5-EC3B-468C-AEAC-1EEE9A380512}.Debug|Any CPU.ActiveCfg = Debug|Any CPU
		{3394B8A5-EC3B-468C-AEAC-1EEE9A380512}.Debug|Any CPU.Build.0 = Debug|Any CPU
		{3394B8A5-EC3B-468C-AEAC-1EEE9A380512}.Debug|x64.ActiveCfg = Debug|x64
		{3394B8A5-EC3B-468C-AEAC-1EEE9A380512}.Debug|x64.Build.0 = Debug|x64
		{3394B8A5-EC3B-468C-AEAC-1EEE9A380512}.Debug|x86.ActiveCfg = Debug|Any CPU
		{3394B8A5-EC3B-468C-AEAC-1EEE9A380512}.Debug|x86.Build.0 = Debug|Any CPU
		{3394B8A5-EC3B-468C-AEAC-1EEE9A380512}.Desktop|Any CPU.ActiveCfg = Debug|Any CPU
		{3394B8A5-EC3B-468C-AEAC-1EEE9A380512}.Desktop|Any CPU.Build.0 = Debug|Any CPU
		{3394B8A5-EC3B-468C-AEAC-1EEE9A380512}.Desktop|x64.ActiveCfg = Debug|Any CPU
		{3394B8A5-EC3B-468C-AEAC-1EEE9A380512}.Desktop|x64.Build.0 = Debug|Any CPU
		{3394B8A5-EC3B-468C-AEAC-1EEE9A380512}.Desktop|x86.ActiveCfg = Debug|Any CPU
		{3394B8A5-EC3B-468C-AEAC-1EEE9A380512}.Desktop|x86.Build.0 = Debug|Any CPU
		{3394B8A5-EC3B-468C-AEAC-1EEE9A380512}.Docker|Any CPU.ActiveCfg = Debug|Any CPU
		{3394B8A5-EC3B-468C-AEAC-1EEE9A380512}.Docker|Any CPU.Build.0 = Debug|Any CPU
		{3394B8A5-EC3B-468C-AEAC-1EEE9A380512}.Docker|x64.ActiveCfg = Debug|Any CPU
		{3394B8A5-EC3B-468C-AEAC-1EEE9A380512}.Docker|x64.Build.0 = Debug|Any CPU
		{3394B8A5-EC3B-468C-AEAC-1EEE9A380512}.Docker|x86.ActiveCfg = Debug|Any CPU
		{3394B8A5-EC3B-468C-AEAC-1EEE9A380512}.Docker|x86.Build.0 = Debug|Any CPU
		{3394B8A5-EC3B-468C-AEAC-1EEE9A380512}.gcmodeller_desktop|Any CPU.ActiveCfg = Debug|Any CPU
		{3394B8A5-EC3B-468C-AEAC-1EEE9A380512}.gcmodeller_desktop|Any CPU.Build.0 = Debug|Any CPU
		{3394B8A5-EC3B-468C-AEAC-1EEE9A380512}.gcmodeller_desktop|x64.ActiveCfg = Debug|Any CPU
		{3394B8A5-EC3B-468C-AEAC-1EEE9A380512}.gcmodeller_desktop|x64.Build.0 = Debug|Any CPU
		{3394B8A5-EC3B-468C-AEAC-1EEE9A380512}.gcmodeller_desktop|x86.ActiveCfg = Debug|Any CPU
		{3394B8A5-EC3B-468C-AEAC-1EEE9A380512}.gcmodeller_desktop|x86.Build.0 = Debug|Any CPU
		{3394B8A5-EC3B-468C-AEAC-1EEE9A380512}.LipidSearch|Any CPU.ActiveCfg = Debug|Any CPU
		{3394B8A5-EC3B-468C-AEAC-1EEE9A380512}.LipidSearch|Any CPU.Build.0 = Debug|Any CPU
		{3394B8A5-EC3B-468C-AEAC-1EEE9A380512}.LipidSearch|x64.ActiveCfg = Debug|Any CPU
		{3394B8A5-EC3B-468C-AEAC-1EEE9A380512}.LipidSearch|x64.Build.0 = Debug|Any CPU
		{3394B8A5-EC3B-468C-AEAC-1EEE9A380512}.LipidSearch|x86.ActiveCfg = Debug|Any CPU
		{3394B8A5-EC3B-468C-AEAC-1EEE9A380512}.LipidSearch|x86.Build.0 = Debug|Any CPU
		{3394B8A5-EC3B-468C-AEAC-1EEE9A380512}.mzkit_win32|Any CPU.ActiveCfg = Debug|Any CPU
		{3394B8A5-EC3B-468C-AEAC-1EEE9A380512}.mzkit_win32|Any CPU.Build.0 = Debug|Any CPU
		{3394B8A5-EC3B-468C-AEAC-1EEE9A380512}.mzkit_win32|x64.ActiveCfg = Debug|Any CPU
		{3394B8A5-EC3B-468C-AEAC-1EEE9A380512}.mzkit_win32|x64.Build.0 = Debug|Any CPU
		{3394B8A5-EC3B-468C-AEAC-1EEE9A380512}.mzkit_win32|x86.ActiveCfg = Debug|Any CPU
		{3394B8A5-EC3B-468C-AEAC-1EEE9A380512}.mzkit_win32|x86.Build.0 = Debug|Any CPU
		{3394B8A5-EC3B-468C-AEAC-1EEE9A380512}.mzkit|Any CPU.ActiveCfg = Debug|Any CPU
		{3394B8A5-EC3B-468C-AEAC-1EEE9A380512}.mzkit|Any CPU.Build.0 = Debug|Any CPU
		{3394B8A5-EC3B-468C-AEAC-1EEE9A380512}.mzkit|x64.ActiveCfg = Debug|Any CPU
		{3394B8A5-EC3B-468C-AEAC-1EEE9A380512}.mzkit|x64.Build.0 = Debug|Any CPU
		{3394B8A5-EC3B-468C-AEAC-1EEE9A380512}.mzkit|x86.ActiveCfg = Debug|Any CPU
		{3394B8A5-EC3B-468C-AEAC-1EEE9A380512}.mzkit|x86.Build.0 = Debug|Any CPU
		{3394B8A5-EC3B-468C-AEAC-1EEE9A380512}.NPSearch|Any CPU.ActiveCfg = Debug|Any CPU
		{3394B8A5-EC3B-468C-AEAC-1EEE9A380512}.NPSearch|Any CPU.Build.0 = Debug|Any CPU
		{3394B8A5-EC3B-468C-AEAC-1EEE9A380512}.NPSearch|x64.ActiveCfg = Debug|Any CPU
		{3394B8A5-EC3B-468C-AEAC-1EEE9A380512}.NPSearch|x64.Build.0 = Debug|Any CPU
		{3394B8A5-EC3B-468C-AEAC-1EEE9A380512}.NPSearch|x86.ActiveCfg = Debug|Any CPU
		{3394B8A5-EC3B-468C-AEAC-1EEE9A380512}.NPSearch|x86.Build.0 = Debug|Any CPU
		{3394B8A5-EC3B-468C-AEAC-1EEE9A380512}.nuget_release|Any CPU.ActiveCfg = Debug|Any CPU
		{3394B8A5-EC3B-468C-AEAC-1EEE9A380512}.nuget_release|Any CPU.Build.0 = Debug|Any CPU
		{3394B8A5-EC3B-468C-AEAC-1EEE9A380512}.nuget_release|x64.ActiveCfg = Debug|Any CPU
		{3394B8A5-EC3B-468C-AEAC-1EEE9A380512}.nuget_release|x64.Build.0 = Debug|Any CPU
		{3394B8A5-EC3B-468C-AEAC-1EEE9A380512}.nuget_release|x86.ActiveCfg = Debug|Any CPU
		{3394B8A5-EC3B-468C-AEAC-1EEE9A380512}.nuget_release|x86.Build.0 = Debug|Any CPU
		{3394B8A5-EC3B-468C-AEAC-1EEE9A380512}.PlantMAT|Any CPU.ActiveCfg = Debug|Any CPU
		{3394B8A5-EC3B-468C-AEAC-1EEE9A380512}.PlantMAT|Any CPU.Build.0 = Debug|Any CPU
		{3394B8A5-EC3B-468C-AEAC-1EEE9A380512}.PlantMAT|x64.ActiveCfg = Debug|Any CPU
		{3394B8A5-EC3B-468C-AEAC-1EEE9A380512}.PlantMAT|x64.Build.0 = Debug|Any CPU
		{3394B8A5-EC3B-468C-AEAC-1EEE9A380512}.PlantMAT|x86.ActiveCfg = Debug|Any CPU
		{3394B8A5-EC3B-468C-AEAC-1EEE9A380512}.PlantMAT|x86.Build.0 = Debug|Any CPU
		{3394B8A5-EC3B-468C-AEAC-1EEE9A380512}.Release|Any CPU.ActiveCfg = Release|Any CPU
		{3394B8A5-EC3B-468C-AEAC-1EEE9A380512}.Release|Any CPU.Build.0 = Release|Any CPU
		{3394B8A5-EC3B-468C-AEAC-1EEE9A380512}.Release|x64.ActiveCfg = Release|Any CPU
		{3394B8A5-EC3B-468C-AEAC-1EEE9A380512}.Release|x64.Build.0 = Release|Any CPU
		{3394B8A5-EC3B-468C-AEAC-1EEE9A380512}.Release|x86.ActiveCfg = Release|Any CPU
		{3394B8A5-EC3B-468C-AEAC-1EEE9A380512}.Release|x86.Build.0 = Release|Any CPU
		{3394B8A5-EC3B-468C-AEAC-1EEE9A380512}.Rsharp_app_release|Any CPU.ActiveCfg = Release|Any CPU
		{3394B8A5-EC3B-468C-AEAC-1EEE9A380512}.Rsharp_app_release|Any CPU.Build.0 = Release|Any CPU
		{3394B8A5-EC3B-468C-AEAC-1EEE9A380512}.Rsharp_app_release|x64.ActiveCfg = Rsharp_app_release|x64
		{3394B8A5-EC3B-468C-AEAC-1EEE9A380512}.Rsharp_app_release|x64.Build.0 = Rsharp_app_release|x64
		{3394B8A5-EC3B-468C-AEAC-1EEE9A380512}.Rsharp_app_release|x86.ActiveCfg = Release|Any CPU
		{3394B8A5-EC3B-468C-AEAC-1EEE9A380512}.Rsharp_app_release|x86.Build.0 = Release|Any CPU
		{F93BE3B7-F04B-4A73-8EEC-D74267C27EA1}.CFD_win32|Any CPU.ActiveCfg = CFD_win32|Any CPU
		{F93BE3B7-F04B-4A73-8EEC-D74267C27EA1}.CFD_win32|Any CPU.Build.0 = CFD_win32|Any CPU
		{F93BE3B7-F04B-4A73-8EEC-D74267C27EA1}.CFD_win32|x64.ActiveCfg = CFD_win32|x64
		{F93BE3B7-F04B-4A73-8EEC-D74267C27EA1}.CFD_win32|x64.Build.0 = CFD_win32|x64
		{F93BE3B7-F04B-4A73-8EEC-D74267C27EA1}.CFD_win32|x86.ActiveCfg = CFD_win32|x86
		{F93BE3B7-F04B-4A73-8EEC-D74267C27EA1}.CFD_win32|x86.Build.0 = CFD_win32|x86
		{F93BE3B7-F04B-4A73-8EEC-D74267C27EA1}.Debug|Any CPU.ActiveCfg = Debug|Any CPU
		{F93BE3B7-F04B-4A73-8EEC-D74267C27EA1}.Debug|Any CPU.Build.0 = Debug|Any CPU
		{F93BE3B7-F04B-4A73-8EEC-D74267C27EA1}.Debug|x64.ActiveCfg = Debug|x64
		{F93BE3B7-F04B-4A73-8EEC-D74267C27EA1}.Debug|x64.Build.0 = Debug|x64
		{F93BE3B7-F04B-4A73-8EEC-D74267C27EA1}.Debug|x86.ActiveCfg = Debug|x86
		{F93BE3B7-F04B-4A73-8EEC-D74267C27EA1}.Debug|x86.Build.0 = Debug|x86
		{F93BE3B7-F04B-4A73-8EEC-D74267C27EA1}.Desktop|Any CPU.ActiveCfg = Desktop|Any CPU
		{F93BE3B7-F04B-4A73-8EEC-D74267C27EA1}.Desktop|Any CPU.Build.0 = Desktop|Any CPU
		{F93BE3B7-F04B-4A73-8EEC-D74267C27EA1}.Desktop|x64.ActiveCfg = Desktop|x64
		{F93BE3B7-F04B-4A73-8EEC-D74267C27EA1}.Desktop|x64.Build.0 = Desktop|x64
		{F93BE3B7-F04B-4A73-8EEC-D74267C27EA1}.Desktop|x86.ActiveCfg = Desktop|x86
		{F93BE3B7-F04B-4A73-8EEC-D74267C27EA1}.Desktop|x86.Build.0 = Desktop|x86
		{F93BE3B7-F04B-4A73-8EEC-D74267C27EA1}.Docker|Any CPU.ActiveCfg = Docker|Any CPU
		{F93BE3B7-F04B-4A73-8EEC-D74267C27EA1}.Docker|Any CPU.Build.0 = Docker|Any CPU
		{F93BE3B7-F04B-4A73-8EEC-D74267C27EA1}.Docker|x64.ActiveCfg = Docker|x64
		{F93BE3B7-F04B-4A73-8EEC-D74267C27EA1}.Docker|x64.Build.0 = Docker|x64
		{F93BE3B7-F04B-4A73-8EEC-D74267C27EA1}.Docker|x86.ActiveCfg = Docker|x86
		{F93BE3B7-F04B-4A73-8EEC-D74267C27EA1}.Docker|x86.Build.0 = Docker|x86
		{F93BE3B7-F04B-4A73-8EEC-D74267C27EA1}.gcmodeller_desktop|Any CPU.ActiveCfg = gcmodeller_desktop|Any CPU
		{F93BE3B7-F04B-4A73-8EEC-D74267C27EA1}.gcmodeller_desktop|Any CPU.Build.0 = gcmodeller_desktop|Any CPU
		{F93BE3B7-F04B-4A73-8EEC-D74267C27EA1}.gcmodeller_desktop|x64.ActiveCfg = gcmodeller_desktop|x64
		{F93BE3B7-F04B-4A73-8EEC-D74267C27EA1}.gcmodeller_desktop|x64.Build.0 = gcmodeller_desktop|x64
		{F93BE3B7-F04B-4A73-8EEC-D74267C27EA1}.gcmodeller_desktop|x86.ActiveCfg = gcmodeller_desktop|x86
		{F93BE3B7-F04B-4A73-8EEC-D74267C27EA1}.gcmodeller_desktop|x86.Build.0 = gcmodeller_desktop|x86
		{F93BE3B7-F04B-4A73-8EEC-D74267C27EA1}.LipidSearch|Any CPU.ActiveCfg = LipidSearch|Any CPU
		{F93BE3B7-F04B-4A73-8EEC-D74267C27EA1}.LipidSearch|Any CPU.Build.0 = LipidSearch|Any CPU
		{F93BE3B7-F04B-4A73-8EEC-D74267C27EA1}.LipidSearch|x64.ActiveCfg = LipidSearch|x64
		{F93BE3B7-F04B-4A73-8EEC-D74267C27EA1}.LipidSearch|x64.Build.0 = LipidSearch|x64
		{F93BE3B7-F04B-4A73-8EEC-D74267C27EA1}.LipidSearch|x86.ActiveCfg = LipidSearch|x86
		{F93BE3B7-F04B-4A73-8EEC-D74267C27EA1}.LipidSearch|x86.Build.0 = LipidSearch|x86
		{F93BE3B7-F04B-4A73-8EEC-D74267C27EA1}.mzkit_win32|Any CPU.ActiveCfg = mzkit_win32|Any CPU
		{F93BE3B7-F04B-4A73-8EEC-D74267C27EA1}.mzkit_win32|Any CPU.Build.0 = mzkit_win32|Any CPU
		{F93BE3B7-F04B-4A73-8EEC-D74267C27EA1}.mzkit_win32|x64.ActiveCfg = mzkit_win32|x64
		{F93BE3B7-F04B-4A73-8EEC-D74267C27EA1}.mzkit_win32|x64.Build.0 = mzkit_win32|x64
		{F93BE3B7-F04B-4A73-8EEC-D74267C27EA1}.mzkit_win32|x86.ActiveCfg = mzkit_win32|x86
		{F93BE3B7-F04B-4A73-8EEC-D74267C27EA1}.mzkit_win32|x86.Build.0 = mzkit_win32|x86
		{F93BE3B7-F04B-4A73-8EEC-D74267C27EA1}.mzkit|Any CPU.ActiveCfg = mzkit|Any CPU
		{F93BE3B7-F04B-4A73-8EEC-D74267C27EA1}.mzkit|Any CPU.Build.0 = mzkit|Any CPU
		{F93BE3B7-F04B-4A73-8EEC-D74267C27EA1}.mzkit|x64.ActiveCfg = mzkit|x64
		{F93BE3B7-F04B-4A73-8EEC-D74267C27EA1}.mzkit|x64.Build.0 = mzkit|x64
		{F93BE3B7-F04B-4A73-8EEC-D74267C27EA1}.mzkit|x86.ActiveCfg = mzkit|x86
		{F93BE3B7-F04B-4A73-8EEC-D74267C27EA1}.mzkit|x86.Build.0 = mzkit|x86
		{F93BE3B7-F04B-4A73-8EEC-D74267C27EA1}.NPSearch|Any CPU.ActiveCfg = NPSearch|Any CPU
		{F93BE3B7-F04B-4A73-8EEC-D74267C27EA1}.NPSearch|Any CPU.Build.0 = NPSearch|Any CPU
		{F93BE3B7-F04B-4A73-8EEC-D74267C27EA1}.NPSearch|x64.ActiveCfg = NPSearch|x64
		{F93BE3B7-F04B-4A73-8EEC-D74267C27EA1}.NPSearch|x64.Build.0 = NPSearch|x64
		{F93BE3B7-F04B-4A73-8EEC-D74267C27EA1}.NPSearch|x86.ActiveCfg = NPSearch|x86
		{F93BE3B7-F04B-4A73-8EEC-D74267C27EA1}.NPSearch|x86.Build.0 = NPSearch|x86
		{F93BE3B7-F04B-4A73-8EEC-D74267C27EA1}.nuget_release|Any CPU.ActiveCfg = nuget_release|Any CPU
		{F93BE3B7-F04B-4A73-8EEC-D74267C27EA1}.nuget_release|Any CPU.Build.0 = nuget_release|Any CPU
		{F93BE3B7-F04B-4A73-8EEC-D74267C27EA1}.nuget_release|x64.ActiveCfg = nuget_release|x64
		{F93BE3B7-F04B-4A73-8EEC-D74267C27EA1}.nuget_release|x64.Build.0 = nuget_release|x64
		{F93BE3B7-F04B-4A73-8EEC-D74267C27EA1}.nuget_release|x86.ActiveCfg = nuget_release|x86
		{F93BE3B7-F04B-4A73-8EEC-D74267C27EA1}.nuget_release|x86.Build.0 = nuget_release|x86
		{F93BE3B7-F04B-4A73-8EEC-D74267C27EA1}.PlantMAT|Any CPU.ActiveCfg = PlantMAT|Any CPU
		{F93BE3B7-F04B-4A73-8EEC-D74267C27EA1}.PlantMAT|Any CPU.Build.0 = PlantMAT|Any CPU
		{F93BE3B7-F04B-4A73-8EEC-D74267C27EA1}.PlantMAT|x64.ActiveCfg = PlantMAT|x64
		{F93BE3B7-F04B-4A73-8EEC-D74267C27EA1}.PlantMAT|x64.Build.0 = PlantMAT|x64
		{F93BE3B7-F04B-4A73-8EEC-D74267C27EA1}.PlantMAT|x86.ActiveCfg = PlantMAT|x86
		{F93BE3B7-F04B-4A73-8EEC-D74267C27EA1}.PlantMAT|x86.Build.0 = PlantMAT|x86
		{F93BE3B7-F04B-4A73-8EEC-D74267C27EA1}.Release|Any CPU.ActiveCfg = Release|Any CPU
		{F93BE3B7-F04B-4A73-8EEC-D74267C27EA1}.Release|Any CPU.Build.0 = Release|Any CPU
		{F93BE3B7-F04B-4A73-8EEC-D74267C27EA1}.Release|x64.ActiveCfg = Release|x64
		{F93BE3B7-F04B-4A73-8EEC-D74267C27EA1}.Release|x64.Build.0 = Release|x64
		{F93BE3B7-F04B-4A73-8EEC-D74267C27EA1}.Release|x86.ActiveCfg = Release|x86
		{F93BE3B7-F04B-4A73-8EEC-D74267C27EA1}.Release|x86.Build.0 = Release|x86
		{F93BE3B7-F04B-4A73-8EEC-D74267C27EA1}.Rsharp_app_release|Any CPU.ActiveCfg = Rsharp_app_release|Any CPU
		{F93BE3B7-F04B-4A73-8EEC-D74267C27EA1}.Rsharp_app_release|Any CPU.Build.0 = Rsharp_app_release|Any CPU
		{F93BE3B7-F04B-4A73-8EEC-D74267C27EA1}.Rsharp_app_release|x64.ActiveCfg = Rsharp_app_release|x64
		{F93BE3B7-F04B-4A73-8EEC-D74267C27EA1}.Rsharp_app_release|x64.Build.0 = Rsharp_app_release|x64
		{F93BE3B7-F04B-4A73-8EEC-D74267C27EA1}.Rsharp_app_release|x86.ActiveCfg = Rsharp_app_release|x86
		{F93BE3B7-F04B-4A73-8EEC-D74267C27EA1}.Rsharp_app_release|x86.Build.0 = Rsharp_app_release|x86
		{E7CC4487-73DA-4470-9287-B1947C6404E8}.CFD_win32|Any CPU.ActiveCfg = CFD_win32|Any CPU
		{E7CC4487-73DA-4470-9287-B1947C6404E8}.CFD_win32|Any CPU.Build.0 = CFD_win32|Any CPU
		{E7CC4487-73DA-4470-9287-B1947C6404E8}.CFD_win32|x64.ActiveCfg = CFD_win32|x64
		{E7CC4487-73DA-4470-9287-B1947C6404E8}.CFD_win32|x64.Build.0 = CFD_win32|x64
		{E7CC4487-73DA-4470-9287-B1947C6404E8}.CFD_win32|x86.ActiveCfg = CFD_win32|Any CPU
		{E7CC4487-73DA-4470-9287-B1947C6404E8}.CFD_win32|x86.Build.0 = CFD_win32|Any CPU
		{E7CC4487-73DA-4470-9287-B1947C6404E8}.Debug|Any CPU.ActiveCfg = Debug|Any CPU
		{E7CC4487-73DA-4470-9287-B1947C6404E8}.Debug|Any CPU.Build.0 = Debug|Any CPU
		{E7CC4487-73DA-4470-9287-B1947C6404E8}.Debug|x64.ActiveCfg = Debug|x64
		{E7CC4487-73DA-4470-9287-B1947C6404E8}.Debug|x64.Build.0 = Debug|x64
		{E7CC4487-73DA-4470-9287-B1947C6404E8}.Debug|x86.ActiveCfg = Debug|Any CPU
		{E7CC4487-73DA-4470-9287-B1947C6404E8}.Debug|x86.Build.0 = Debug|Any CPU
		{E7CC4487-73DA-4470-9287-B1947C6404E8}.Desktop|Any CPU.ActiveCfg = Desktop|Any CPU
		{E7CC4487-73DA-4470-9287-B1947C6404E8}.Desktop|Any CPU.Build.0 = Desktop|Any CPU
		{E7CC4487-73DA-4470-9287-B1947C6404E8}.Desktop|x64.ActiveCfg = Desktop|x64
		{E7CC4487-73DA-4470-9287-B1947C6404E8}.Desktop|x64.Build.0 = Desktop|x64
		{E7CC4487-73DA-4470-9287-B1947C6404E8}.Desktop|x86.ActiveCfg = Desktop|Any CPU
		{E7CC4487-73DA-4470-9287-B1947C6404E8}.Desktop|x86.Build.0 = Desktop|Any CPU
		{E7CC4487-73DA-4470-9287-B1947C6404E8}.Docker|Any CPU.ActiveCfg = Desktop|Any CPU
		{E7CC4487-73DA-4470-9287-B1947C6404E8}.Docker|Any CPU.Build.0 = Desktop|Any CPU
		{E7CC4487-73DA-4470-9287-B1947C6404E8}.Docker|x64.ActiveCfg = Desktop|x64
		{E7CC4487-73DA-4470-9287-B1947C6404E8}.Docker|x64.Build.0 = Desktop|x64
		{E7CC4487-73DA-4470-9287-B1947C6404E8}.Docker|x86.ActiveCfg = Desktop|Any CPU
		{E7CC4487-73DA-4470-9287-B1947C6404E8}.Docker|x86.Build.0 = Desktop|Any CPU
		{E7CC4487-73DA-4470-9287-B1947C6404E8}.gcmodeller_desktop|Any CPU.ActiveCfg = gcmodeller_desktop|Any CPU
		{E7CC4487-73DA-4470-9287-B1947C6404E8}.gcmodeller_desktop|Any CPU.Build.0 = gcmodeller_desktop|Any CPU
		{E7CC4487-73DA-4470-9287-B1947C6404E8}.gcmodeller_desktop|x64.ActiveCfg = gcmodeller_desktop|x64
		{E7CC4487-73DA-4470-9287-B1947C6404E8}.gcmodeller_desktop|x64.Build.0 = gcmodeller_desktop|x64
		{E7CC4487-73DA-4470-9287-B1947C6404E8}.gcmodeller_desktop|x86.ActiveCfg = gcmodeller_desktop|Any CPU
		{E7CC4487-73DA-4470-9287-B1947C6404E8}.gcmodeller_desktop|x86.Build.0 = gcmodeller_desktop|Any CPU
		{E7CC4487-73DA-4470-9287-B1947C6404E8}.LipidSearch|Any CPU.ActiveCfg = LipidSearch|Any CPU
		{E7CC4487-73DA-4470-9287-B1947C6404E8}.LipidSearch|Any CPU.Build.0 = LipidSearch|Any CPU
		{E7CC4487-73DA-4470-9287-B1947C6404E8}.LipidSearch|x64.ActiveCfg = LipidSearch|x64
		{E7CC4487-73DA-4470-9287-B1947C6404E8}.LipidSearch|x64.Build.0 = LipidSearch|x64
		{E7CC4487-73DA-4470-9287-B1947C6404E8}.LipidSearch|x86.ActiveCfg = LipidSearch|Any CPU
		{E7CC4487-73DA-4470-9287-B1947C6404E8}.LipidSearch|x86.Build.0 = LipidSearch|Any CPU
		{E7CC4487-73DA-4470-9287-B1947C6404E8}.mzkit_win32|Any CPU.ActiveCfg = mzkit|Any CPU
		{E7CC4487-73DA-4470-9287-B1947C6404E8}.mzkit_win32|Any CPU.Build.0 = mzkit|Any CPU
		{E7CC4487-73DA-4470-9287-B1947C6404E8}.mzkit_win32|x64.ActiveCfg = mzkit|x64
		{E7CC4487-73DA-4470-9287-B1947C6404E8}.mzkit_win32|x64.Build.0 = mzkit|x64
		{E7CC4487-73DA-4470-9287-B1947C6404E8}.mzkit_win32|x86.ActiveCfg = mzkit|Any CPU
		{E7CC4487-73DA-4470-9287-B1947C6404E8}.mzkit_win32|x86.Build.0 = mzkit|Any CPU
		{E7CC4487-73DA-4470-9287-B1947C6404E8}.mzkit|Any CPU.ActiveCfg = mzkit|Any CPU
		{E7CC4487-73DA-4470-9287-B1947C6404E8}.mzkit|Any CPU.Build.0 = mzkit|Any CPU
		{E7CC4487-73DA-4470-9287-B1947C6404E8}.mzkit|x64.ActiveCfg = mzkit|x64
		{E7CC4487-73DA-4470-9287-B1947C6404E8}.mzkit|x64.Build.0 = mzkit|x64
		{E7CC4487-73DA-4470-9287-B1947C6404E8}.mzkit|x86.ActiveCfg = mzkit|Any CPU
		{E7CC4487-73DA-4470-9287-B1947C6404E8}.mzkit|x86.Build.0 = mzkit|Any CPU
		{E7CC4487-73DA-4470-9287-B1947C6404E8}.NPSearch|Any CPU.ActiveCfg = NPSearch|Any CPU
		{E7CC4487-73DA-4470-9287-B1947C6404E8}.NPSearch|Any CPU.Build.0 = NPSearch|Any CPU
		{E7CC4487-73DA-4470-9287-B1947C6404E8}.NPSearch|x64.ActiveCfg = NPSearch|x64
		{E7CC4487-73DA-4470-9287-B1947C6404E8}.NPSearch|x64.Build.0 = NPSearch|x64
		{E7CC4487-73DA-4470-9287-B1947C6404E8}.NPSearch|x86.ActiveCfg = NPSearch|Any CPU
		{E7CC4487-73DA-4470-9287-B1947C6404E8}.NPSearch|x86.Build.0 = NPSearch|Any CPU
		{E7CC4487-73DA-4470-9287-B1947C6404E8}.nuget_release|Any CPU.ActiveCfg = NPSearch|Any CPU
		{E7CC4487-73DA-4470-9287-B1947C6404E8}.nuget_release|Any CPU.Build.0 = NPSearch|Any CPU
		{E7CC4487-73DA-4470-9287-B1947C6404E8}.nuget_release|x64.ActiveCfg = NPSearch|x64
		{E7CC4487-73DA-4470-9287-B1947C6404E8}.nuget_release|x64.Build.0 = NPSearch|x64
		{E7CC4487-73DA-4470-9287-B1947C6404E8}.nuget_release|x86.ActiveCfg = NPSearch|Any CPU
		{E7CC4487-73DA-4470-9287-B1947C6404E8}.nuget_release|x86.Build.0 = NPSearch|Any CPU
		{E7CC4487-73DA-4470-9287-B1947C6404E8}.PlantMAT|Any CPU.ActiveCfg = PlantMAT|Any CPU
		{E7CC4487-73DA-4470-9287-B1947C6404E8}.PlantMAT|Any CPU.Build.0 = PlantMAT|Any CPU
		{E7CC4487-73DA-4470-9287-B1947C6404E8}.PlantMAT|x64.ActiveCfg = PlantMAT|x64
		{E7CC4487-73DA-4470-9287-B1947C6404E8}.PlantMAT|x64.Build.0 = PlantMAT|x64
		{E7CC4487-73DA-4470-9287-B1947C6404E8}.PlantMAT|x86.ActiveCfg = PlantMAT|Any CPU
		{E7CC4487-73DA-4470-9287-B1947C6404E8}.PlantMAT|x86.Build.0 = PlantMAT|Any CPU
		{E7CC4487-73DA-4470-9287-B1947C6404E8}.Release|Any CPU.ActiveCfg = Release|Any CPU
		{E7CC4487-73DA-4470-9287-B1947C6404E8}.Release|Any CPU.Build.0 = Release|Any CPU
		{E7CC4487-73DA-4470-9287-B1947C6404E8}.Release|x64.ActiveCfg = Release|x64
		{E7CC4487-73DA-4470-9287-B1947C6404E8}.Release|x64.Build.0 = Release|x64
		{E7CC4487-73DA-4470-9287-B1947C6404E8}.Release|x86.ActiveCfg = Release|Any CPU
		{E7CC4487-73DA-4470-9287-B1947C6404E8}.Release|x86.Build.0 = Release|Any CPU
		{E7CC4487-73DA-4470-9287-B1947C6404E8}.Rsharp_app_release|Any CPU.ActiveCfg = Rsharp_app_release|Any CPU
		{E7CC4487-73DA-4470-9287-B1947C6404E8}.Rsharp_app_release|Any CPU.Build.0 = Rsharp_app_release|Any CPU
		{E7CC4487-73DA-4470-9287-B1947C6404E8}.Rsharp_app_release|x64.ActiveCfg = Rsharp_app_release|x64
		{E7CC4487-73DA-4470-9287-B1947C6404E8}.Rsharp_app_release|x64.Build.0 = Rsharp_app_release|x64
		{E7CC4487-73DA-4470-9287-B1947C6404E8}.Rsharp_app_release|x86.ActiveCfg = Rsharp_app_release|Any CPU
		{E7CC4487-73DA-4470-9287-B1947C6404E8}.Rsharp_app_release|x86.Build.0 = Rsharp_app_release|Any CPU
	EndGlobalSection
	GlobalSection(SolutionProperties) = preSolution
		HideSolutionNode = FALSE
	EndGlobalSection
	GlobalSection(NestedProjects) = preSolution
		{F93BE3B7-F04B-4A73-8EEC-D74267C27EA1} = {0EF894D7-3154-4075-8434-D4A38BA9B00F}
		{E7CC4487-73DA-4470-9287-B1947C6404E8} = {BD2DDAE0-1040-4649-9CF8-1B9644DCFF23}
	EndGlobalSection
	GlobalSection(ExtensibilityGlobals) = postSolution
		SolutionGuid = {5CCD2BCE-A5CF-472D-B7B1-DB10506917F2}
	EndGlobalSection
EndGlobal
